
Microsoft Visual Studio Solution File, Format Version 12.00
# Visual Studio 15
VisualStudioVersion = 15.0.28010.2026
MinimumVisualStudioVersion = 10.0.40219.1
Project("{FAE04EC0-301F-11D3-BF4B-00C04F79EFBC}") = "StreckenUPunkte", "StreckenUPunkte\StreckenUPunkte.csproj", "{F481E323-C169-41F2-BF57-2292B20CA9DE}"
EndProject
Project("{FAE04EC0-301F-11D3-BF4B-00C04F79EFBC}") = "StreckenTest", "StreckenTest\StreckenTest.csproj", "{043A0717-C6EE-4219-B0F3-CFAD333E221A}"
EndProject
Global
	GlobalSection(SolutionConfigurationPlatforms) = preSolution
		Debug|Any CPU = Debug|Any CPU
		Release|Any CPU = Release|Any CPU
	EndGlobalSection
	GlobalSection(ProjectConfigurationPlatforms) = postSolution
		{F481E323-C169-41F2-BF57-2292B20CA9DE}.Debug|Any CPU.ActiveCfg = Debug|Any CPU
		{F481E323-C169-41F2-BF57-2292B20CA9DE}.Debug|Any CPU.Build.0 = Debug|Any CPU
		{F481E323-C169-41F2-BF57-2292B20CA9DE}.Release|Any CPU.ActiveCfg = Release|Any CPU
		{F481E323-C169-41F2-BF57-2292B20CA9DE}.Release|Any CPU.Build.0 = Release|Any CPU
		{043A0717-C6EE-4219-B0F3-CFAD333E221A}.Debug|Any CPU.ActiveCfg = Debug|Any CPU
		{043A0717-C6EE-4219-B0F3-CFAD333E221A}.Debug|Any CPU.Build.0 = Debug|Any CPU
		{043A0717-C6EE-4219-B0F3-CFAD333E221A}.Release|Any CPU.ActiveCfg = Release|Any CPU
		{043A0717-C6EE-4219-B0F3-CFAD333E221A}.Release|Any CPU.Build.0 = Release|Any CPU
	EndGlobalSection
	GlobalSection(SolutionProperties) = preSolution
		HideSolutionNode = FALSE
	EndGlobalSection
	GlobalSection(ExtensibilityGlobals) = postSolution
		SolutionGuid = {993F4C78-F4FB-4BDC-9C4C-779AF004BA2F}
	EndGlobalSection
EndGlobal
