
Microsoft Visual Studio Solution File, Format Version 12.00
# Visual Studio 15
VisualStudioVersion = 15.0.28307.102
MinimumVisualStudioVersion = 10.0.40219.1
Project("{FAE04EC0-301F-11D3-BF4B-00C04F79EFBC}") = "Woche10", "Woche10\Woche10.csproj", "{28DFC19E-8BF3-4D66-895A-357A1A8283E3}"
EndProject
Global
	GlobalSection(SolutionConfigurationPlatforms) = preSolution
		Debug|Any CPU = Debug|Any CPU
		Release|Any CPU = Release|Any CPU
	EndGlobalSection
	GlobalSection(ProjectConfigurationPlatforms) = postSolution
		{28DFC19E-8BF3-4D66-895A-357A1A8283E3}.Debug|Any CPU.ActiveCfg = Debug|Any CPU
		{28DFC19E-8BF3-4D66-895A-357A1A8283E3}.Debug|Any CPU.Build.0 = Debug|Any CPU
		{28DFC19E-8BF3-4D66-895A-357A1A8283E3}.Release|Any CPU.ActiveCfg = Release|Any CPU
		{28DFC19E-8BF3-4D66-895A-357A1A8283E3}.Release|Any CPU.Build.0 = Release|Any CPU
	EndGlobalSection
	GlobalSection(SolutionProperties) = preSolution
		HideSolutionNode = FALSE
	EndGlobalSection
	GlobalSection(ExtensibilityGlobals) = postSolution
		SolutionGuid = {7113D7EE-576A-4AC2-8A68-0E4CDB7753ED}
	EndGlobalSection
EndGlobal
