
Microsoft Visual Studio Solution File, Format Version 12.00
# Visual Studio 15
VisualStudioVersion = 15.0.28010.2026
MinimumVisualStudioVersion = 10.0.40219.1
Project("{FAE04EC0-301F-11D3-BF4B-00C04F79EFBC}") = "HashTableLib", "HashTableLib\HashTableLib.csproj", "{95B789CD-DC71-4769-9D76-703EFE88090F}"
EndProject
Project("{2150E333-8FDC-42A3-9474-1A3956D46DE8}") = "Solution Items", "Solution Items", "{9CB2CCB4-A1C9-4168-B460-384514ACC712}"
	ProjectSection(SolutionItems) = preProject
		ReadMe.txt = ReadMe.txt
	EndProjectSection
EndProject
Project("{FAE04EC0-301F-11D3-BF4B-00C04F79EFBC}") = "TestConsole", "TestConsole\TestConsole.csproj", "{1CA23CA3-A9DD-49D6-8E09-12C43CA2B8B1}"
EndProject
Project("{FAE04EC0-301F-11D3-BF4B-00C04F79EFBC}") = "CuckooLib", "CuckooLib\CuckooLib.csproj", "{B86D991B-BFFC-4623-A7E3-93478C81CA50}"
EndProject
Global
	GlobalSection(SolutionConfigurationPlatforms) = preSolution
		Debug|Any CPU = Debug|Any CPU
		Release|Any CPU = Release|Any CPU
	EndGlobalSection
	GlobalSection(ProjectConfigurationPlatforms) = postSolution
		{95B789CD-DC71-4769-9D76-703EFE88090F}.Debug|Any CPU.ActiveCfg = Debug|Any CPU
		{95B789CD-DC71-4769-9D76-703EFE88090F}.Debug|Any CPU.Build.0 = Debug|Any CPU
		{95B789CD-DC71-4769-9D76-703EFE88090F}.Release|Any CPU.ActiveCfg = Release|Any CPU
		{95B789CD-DC71-4769-9D76-703EFE88090F}.Release|Any CPU.Build.0 = Release|Any CPU
		{1CA23CA3-A9DD-49D6-8E09-12C43CA2B8B1}.Debug|Any CPU.ActiveCfg = Debug|Any CPU
		{1CA23CA3-A9DD-49D6-8E09-12C43CA2B8B1}.Debug|Any CPU.Build.0 = Debug|Any CPU
		{1CA23CA3-A9DD-49D6-8E09-12C43CA2B8B1}.Release|Any CPU.ActiveCfg = Release|Any CPU
		{1CA23CA3-A9DD-49D6-8E09-12C43CA2B8B1}.Release|Any CPU.Build.0 = Release|Any CPU
		{B86D991B-BFFC-4623-A7E3-93478C81CA50}.Debug|Any CPU.ActiveCfg = Debug|Any CPU
		{B86D991B-BFFC-4623-A7E3-93478C81CA50}.Debug|Any CPU.Build.0 = Debug|Any CPU
		{B86D991B-BFFC-4623-A7E3-93478C81CA50}.Release|Any CPU.ActiveCfg = Release|Any CPU
		{B86D991B-BFFC-4623-A7E3-93478C81CA50}.Release|Any CPU.Build.0 = Release|Any CPU
	EndGlobalSection
	GlobalSection(SolutionProperties) = preSolution
		HideSolutionNode = FALSE
	EndGlobalSection
	GlobalSection(ExtensibilityGlobals) = postSolution
		SolutionGuid = {5D5D4F79-FD5C-44C1-BD18-716F13952437}
	EndGlobalSection
EndGlobal
